
Microsoft Visual Studio Solution File, Format Version 12.00
# Visual Studio Version 17
VisualStudioVersion = 17.3.32819.101
MinimumVisualStudioVersion = 10.0.40219.1
Project("{FAE04EC0-301F-11D3-BF4B-00C04F79EFBC}") = "AgenciaDeAutos", "AgenciaDeAutos\AgenciaDeAutos.csproj", "{08A48962-92CC-4520-B87A-31466C9C2C54}"
EndProject
Global
	GlobalSection(SolutionConfigurationPlatforms) = preSolution
		Debug|Any CPU = Debug|Any CPU
		Release|Any CPU = Release|Any CPU
	EndGlobalSection
	GlobalSection(ProjectConfigurationPlatforms) = postSolution
		{08A48962-92CC-4520-B87A-31466C9C2C54}.Debug|Any CPU.ActiveCfg = Debug|Any CPU
		{08A48962-92CC-4520-B87A-31466C9C2C54}.Debug|Any CPU.Build.0 = Debug|Any CPU
		{08A48962-92CC-4520-B87A-31466C9C2C54}.Release|Any CPU.ActiveCfg = Release|Any CPU
		{08A48962-92CC-4520-B87A-31466C9C2C54}.Release|Any CPU.Build.0 = Release|Any CPU
	EndGlobalSection
	GlobalSection(SolutionProperties) = preSolution
		HideSolutionNode = FALSE
	EndGlobalSection
	GlobalSection(ExtensibilityGlobals) = postSolution
		SolutionGuid = {E205F596-CB77-43AE-AEDB-50FE1B3944BD}
	EndGlobalSection
EndGlobal
